
Microsoft Visual Studio Solution File, Format Version 12.00
# Visual Studio Version 17
VisualStudioVersion = 17.8.34316.72
MinimumVisualStudioVersion = 10.0.40219.1
Project("{9A19103F-16F7-4668-BE54-9A1E7A4F7556}") = "ADV104_Project", "ADV104_Project\ADV104_Project\ADV104_Project.csproj", "{0B6CFA60-A952-4E9D-A19E-73FCDB4AA65F}"
EndProject
Project("{9A19103F-16F7-4668-BE54-9A1E7A4F7556}") = "ADV104_Project.Client", "ADV104_Project\ADV104_Project.Client\ADV104_Project.Client.csproj", "{B4DA2F09-E3DB-494C-AF3E-378E137C8ED6}"
EndProject
Global
	GlobalSection(SolutionConfigurationPlatforms) = preSolution
		Debug|Any CPU = Debug|Any CPU
		Release|Any CPU = Release|Any CPU
	EndGlobalSection
	GlobalSection(ProjectConfigurationPlatforms) = postSolution
		{0B6CFA60-A952-4E9D-A19E-73FCDB4AA65F}.Debug|Any CPU.ActiveCfg = Debug|Any CPU
		{0B6CFA60-A952-4E9D-A19E-73FCDB4AA65F}.Debug|Any CPU.Build.0 = Debug|Any CPU
		{0B6CFA60-A952-4E9D-A19E-73FCDB4AA65F}.Release|Any CPU.ActiveCfg = Release|Any CPU
		{0B6CFA60-A952-4E9D-A19E-73FCDB4AA65F}.Release|Any CPU.Build.0 = Release|Any CPU
		{B4DA2F09-E3DB-494C-AF3E-378E137C8ED6}.Debug|Any CPU.ActiveCfg = Debug|Any CPU
		{B4DA2F09-E3DB-494C-AF3E-378E137C8ED6}.Debug|Any CPU.Build.0 = Debug|Any CPU
		{B4DA2F09-E3DB-494C-AF3E-378E137C8ED6}.Release|Any CPU.ActiveCfg = Release|Any CPU
		{B4DA2F09-E3DB-494C-AF3E-378E137C8ED6}.Release|Any CPU.Build.0 = Release|Any CPU
	EndGlobalSection
	GlobalSection(SolutionProperties) = preSolution
		HideSolutionNode = FALSE
	EndGlobalSection
	GlobalSection(ExtensibilityGlobals) = postSolution
		SolutionGuid = {A29D9BDF-A49E-45F7-92D3-F39FD29EA34E}
	EndGlobalSection
EndGlobal
